
Microsoft Visual Studio Solution File, Format Version 12.00
# Visual Studio 15
VisualStudioVersion = 15.0.28010.2026
MinimumVisualStudioVersion = 10.0.40219.1
Project("{FAE04EC0-301F-11D3-BF4B-00C04F79EFBC}") = "Saltukkos.MercurialVS.Package", "Saltukkos.MercurialVs.Package\Saltukkos.MercurialVS.Package.csproj", "{EEBCF3DD-4474-48AD-9FAF-E999A12EF5FA}"
EndProject
Project("{9A19103F-16F7-4668-BE54-9A1E7A4F7556}") = "Saltukkos.Container", "Saltukkos.Container\Saltukkos.Container.csproj", "{D7CB4981-7C97-4751-978D-51D2262E6BEB}"
EndProject
Project("{9A19103F-16F7-4668-BE54-9A1E7A4F7556}") = "Saltukkos.Utils", "Saltukkos.Utils\Saltukkos.Utils.csproj", "{6A881ABC-E0F9-4600-93B2-513C64165116}"
EndProject
Project("{9A19103F-16F7-4668-BE54-9A1E7A4F7556}") = "Saltukkos.Container.Meta", "Saltukkos.Container.Meta\Saltukkos.Container.Meta.csproj", "{0A1EEC5B-35B2-48B3-86F3-6C68B0C366D0}"
EndProject
Project("{9A19103F-16F7-4668-BE54-9A1E7A4F7556}") = "Saltukkos.MercurialVS.StudioIntegration", "Saltukkos.MercurialVS.StudioIntegration\Saltukkos.MercurialVS.StudioIntegration.csproj", "{7D1B8815-5EE9-44BF-A332-63A37C4EF82E}"
EndProject
Project("{9A19103F-16F7-4668-BE54-9A1E7A4F7556}") = "Saltukkos.MercurialVS.SourceControl", "Saltukkos.MercurialVS.SourceControl\Saltukkos.MercurialVS.SourceControl.csproj", "{D41E7F09-DC7A-4B17-95E8-97D2E3B24B83}"
EndProject
Project("{9A19103F-16F7-4668-BE54-9A1E7A4F7556}") = "Saltukkos.MercurialVS.SourceControl.Implementation", "Saltukkos.MercurialVS.SourceControl.Implementation\Saltukkos.MercurialVS.SourceControl.Implementation.csproj", "{2A2A8573-E54E-424E-825C-3B6663B4D646}"
EndProject
Project("{9A19103F-16F7-4668-BE54-9A1E7A4F7556}") = "Saltukkos.MercurialVS.HgServices", "Saltukkos.MercurialVS.HgServices\Saltukkos.MercurialVS.HgServices.csproj", "{A28FB91F-BA26-48E8-8187-705DC03F9251}"
EndProject
Project("{9A19103F-16F7-4668-BE54-9A1E7A4F7556}") = "Saltukkos.MercurialVS.HgServices.Implementation", "Saltukkos.MercurialVS.HgServices.Implementation\Saltukkos.MercurialVS.HgServices.Implementation.csproj", "{96BA85D4-EDBD-4573-A56D-8E867CC2E8DE}"
EndProject
Project("{9A19103F-16F7-4668-BE54-9A1E7A4F7556}") = "Autofac", "Autofac\Autofac.csproj", "{366A1251-F0E3-41D4-8FD1-8DA3E2BECAE7}"
EndProject
Project("{FAE04EC0-301F-11D3-BF4B-00C04F79EFBC}") = "Saltukkos.MercurialVS.Architecture", "Saltukkos.MercurialVS.Architecture\Saltukkos.MercurialVS.Architecture.csproj", "{D922BC08-7C91-4319-B681-DB7E2FBD4FED}"
EndProject
Global
	GlobalSection(SolutionConfigurationPlatforms) = preSolution
		Debug|Any CPU = Debug|Any CPU
		Release|Any CPU = Release|Any CPU
	EndGlobalSection
	GlobalSection(ProjectConfigurationPlatforms) = postSolution
		{EEBCF3DD-4474-48AD-9FAF-E999A12EF5FA}.Debug|Any CPU.ActiveCfg = Debug|Any CPU
		{EEBCF3DD-4474-48AD-9FAF-E999A12EF5FA}.Debug|Any CPU.Build.0 = Debug|Any CPU
		{EEBCF3DD-4474-48AD-9FAF-E999A12EF5FA}.Release|Any CPU.ActiveCfg = Release|Any CPU
		{EEBCF3DD-4474-48AD-9FAF-E999A12EF5FA}.Release|Any CPU.Build.0 = Release|Any CPU
		{D7CB4981-7C97-4751-978D-51D2262E6BEB}.Debug|Any CPU.ActiveCfg = Debug|Any CPU
		{D7CB4981-7C97-4751-978D-51D2262E6BEB}.Debug|Any CPU.Build.0 = Debug|Any CPU
		{D7CB4981-7C97-4751-978D-51D2262E6BEB}.Release|Any CPU.ActiveCfg = Release|Any CPU
		{D7CB4981-7C97-4751-978D-51D2262E6BEB}.Release|Any CPU.Build.0 = Release|Any CPU
		{6A881ABC-E0F9-4600-93B2-513C64165116}.Debug|Any CPU.ActiveCfg = Debug|Any CPU
		{6A881ABC-E0F9-4600-93B2-513C64165116}.Debug|Any CPU.Build.0 = Debug|Any CPU
		{6A881ABC-E0F9-4600-93B2-513C64165116}.Release|Any CPU.ActiveCfg = Release|Any CPU
		{6A881ABC-E0F9-4600-93B2-513C64165116}.Release|Any CPU.Build.0 = Release|Any CPU
		{0A1EEC5B-35B2-48B3-86F3-6C68B0C366D0}.Debug|Any CPU.ActiveCfg = Debug|Any CPU
		{0A1EEC5B-35B2-48B3-86F3-6C68B0C366D0}.Debug|Any CPU.Build.0 = Debug|Any CPU
		{0A1EEC5B-35B2-48B3-86F3-6C68B0C366D0}.Release|Any CPU.ActiveCfg = Release|Any CPU
		{0A1EEC5B-35B2-48B3-86F3-6C68B0C366D0}.Release|Any CPU.Build.0 = Release|Any CPU
		{7D1B8815-5EE9-44BF-A332-63A37C4EF82E}.Debug|Any CPU.ActiveCfg = Debug|Any CPU
		{7D1B8815-5EE9-44BF-A332-63A37C4EF82E}.Debug|Any CPU.Build.0 = Debug|Any CPU
		{7D1B8815-5EE9-44BF-A332-63A37C4EF82E}.Release|Any CPU.ActiveCfg = Release|Any CPU
		{7D1B8815-5EE9-44BF-A332-63A37C4EF82E}.Release|Any CPU.Build.0 = Release|Any CPU
		{D41E7F09-DC7A-4B17-95E8-97D2E3B24B83}.Debug|Any CPU.ActiveCfg = Debug|Any CPU
		{D41E7F09-DC7A-4B17-95E8-97D2E3B24B83}.Debug|Any CPU.Build.0 = Debug|Any CPU
		{D41E7F09-DC7A-4B17-95E8-97D2E3B24B83}.Release|Any CPU.ActiveCfg = Release|Any CPU
		{D41E7F09-DC7A-4B17-95E8-97D2E3B24B83}.Release|Any CPU.Build.0 = Release|Any CPU
		{2A2A8573-E54E-424E-825C-3B6663B4D646}.Debug|Any CPU.ActiveCfg = Debug|Any CPU
		{2A2A8573-E54E-424E-825C-3B6663B4D646}.Debug|Any CPU.Build.0 = Debug|Any CPU
		{2A2A8573-E54E-424E-825C-3B6663B4D646}.Release|Any CPU.ActiveCfg = Release|Any CPU
		{2A2A8573-E54E-424E-825C-3B6663B4D646}.Release|Any CPU.Build.0 = Release|Any CPU
		{A28FB91F-BA26-48E8-8187-705DC03F9251}.Debug|Any CPU.ActiveCfg = Debug|Any CPU
		{A28FB91F-BA26-48E8-8187-705DC03F9251}.Debug|Any CPU.Build.0 = Debug|Any CPU
		{A28FB91F-BA26-48E8-8187-705DC03F9251}.Release|Any CPU.ActiveCfg = Release|Any CPU
		{A28FB91F-BA26-48E8-8187-705DC03F9251}.Release|Any CPU.Build.0 = Release|Any CPU
		{96BA85D4-EDBD-4573-A56D-8E867CC2E8DE}.Debug|Any CPU.ActiveCfg = Debug|Any CPU
		{96BA85D4-EDBD-4573-A56D-8E867CC2E8DE}.Debug|Any CPU.Build.0 = Debug|Any CPU
		{96BA85D4-EDBD-4573-A56D-8E867CC2E8DE}.Release|Any CPU.ActiveCfg = Release|Any CPU
		{96BA85D4-EDBD-4573-A56D-8E867CC2E8DE}.Release|Any CPU.Build.0 = Release|Any CPU
		{366A1251-F0E3-41D4-8FD1-8DA3E2BECAE7}.Debug|Any CPU.ActiveCfg = Debug|Any CPU
		{366A1251-F0E3-41D4-8FD1-8DA3E2BECAE7}.Debug|Any CPU.Build.0 = Debug|Any CPU
		{366A1251-F0E3-41D4-8FD1-8DA3E2BECAE7}.Release|Any CPU.ActiveCfg = Release|Any CPU
		{366A1251-F0E3-41D4-8FD1-8DA3E2BECAE7}.Release|Any CPU.Build.0 = Release|Any CPU
		{D922BC08-7C91-4319-B681-DB7E2FBD4FED}.Debug|Any CPU.ActiveCfg = Debug|Any CPU
		{D922BC08-7C91-4319-B681-DB7E2FBD4FED}.Debug|Any CPU.Build.0 = Debug|Any CPU
		{D922BC08-7C91-4319-B681-DB7E2FBD4FED}.Release|Any CPU.ActiveCfg = Release|Any CPU
		{D922BC08-7C91-4319-B681-DB7E2FBD4FED}.Release|Any CPU.Build.0 = Release|Any CPU
	EndGlobalSection
	GlobalSection(SolutionProperties) = preSolution
		HideSolutionNode = FALSE
	EndGlobalSection
	GlobalSection(ExtensibilityGlobals) = postSolution
		SolutionGuid = {6417C806-0873-4143-A23D-9FE74A543C5D}
	EndGlobalSection
EndGlobal
